
Microsoft Visual Studio Solution File, Format Version 12.00
# Visual Studio Version 17
VisualStudioVersion = 17.9.34607.119
MinimumVisualStudioVersion = 10.0.40219.1
Project("{9A19103F-16F7-4668-BE54-9A1E7A4F7556}") = "Utils", "Utils\Utils.csproj", "{0A43FA28-685C-4A8D-8443-0CA6195CB9D0}"
EndProject
Project("{9A19103F-16F7-4668-BE54-9A1E7A4F7556}") = "Domain", "Domain\Domain.csproj", "{715E601D-D0F1-4F8D-A458-BBC085FA5A2F}"
EndProject
Project("{9A19103F-16F7-4668-BE54-9A1E7A4F7556}") = "Tests", "Tests\Tests.csproj", "{41373F48-B949-4D67-9FC5-A934A5D8F1E3}"
EndProject
Project("{9A19103F-16F7-4668-BE54-9A1E7A4F7556}") = "Data", "Data\Data.csproj", "{FC3D95DC-084A-4D08-B993-7BA5A78AFE62}"
EndProject
Project("{9A19103F-16F7-4668-BE54-9A1E7A4F7556}") = "Mapping", "Mapping\Mapping.csproj", "{8B54680C-8277-463E-9A60-E8AF4B3CD0CF}"
EndProject
Project("{9A19103F-16F7-4668-BE54-9A1E7A4F7556}") = "Application", "Application\Application.csproj", "{94541E21-DA6D-480C-BACB-055A8B8ECFB6}"
EndProject
Project("{9A19103F-16F7-4668-BE54-9A1E7A4F7556}") = "Api", "Api\Api.csproj", "{84D5246E-18BC-4A73-9AD6-7F23AD135573}"
EndProject
Global
	GlobalSection(SolutionConfigurationPlatforms) = preSolution
		Debug|Any CPU = Debug|Any CPU
		Release|Any CPU = Release|Any CPU
	EndGlobalSection
	GlobalSection(ProjectConfigurationPlatforms) = postSolution
		{0A43FA28-685C-4A8D-8443-0CA6195CB9D0}.Debug|Any CPU.ActiveCfg = Debug|Any CPU
		{0A43FA28-685C-4A8D-8443-0CA6195CB9D0}.Debug|Any CPU.Build.0 = Debug|Any CPU
		{0A43FA28-685C-4A8D-8443-0CA6195CB9D0}.Release|Any CPU.ActiveCfg = Release|Any CPU
		{0A43FA28-685C-4A8D-8443-0CA6195CB9D0}.Release|Any CPU.Build.0 = Release|Any CPU
		{715E601D-D0F1-4F8D-A458-BBC085FA5A2F}.Debug|Any CPU.ActiveCfg = Debug|Any CPU
		{715E601D-D0F1-4F8D-A458-BBC085FA5A2F}.Debug|Any CPU.Build.0 = Debug|Any CPU
		{715E601D-D0F1-4F8D-A458-BBC085FA5A2F}.Release|Any CPU.ActiveCfg = Release|Any CPU
		{715E601D-D0F1-4F8D-A458-BBC085FA5A2F}.Release|Any CPU.Build.0 = Release|Any CPU
		{41373F48-B949-4D67-9FC5-A934A5D8F1E3}.Debug|Any CPU.ActiveCfg = Debug|Any CPU
		{41373F48-B949-4D67-9FC5-A934A5D8F1E3}.Debug|Any CPU.Build.0 = Debug|Any CPU
		{41373F48-B949-4D67-9FC5-A934A5D8F1E3}.Release|Any CPU.ActiveCfg = Release|Any CPU
		{41373F48-B949-4D67-9FC5-A934A5D8F1E3}.Release|Any CPU.Build.0 = Release|Any CPU
		{FC3D95DC-084A-4D08-B993-7BA5A78AFE62}.Debug|Any CPU.ActiveCfg = Debug|Any CPU
		{FC3D95DC-084A-4D08-B993-7BA5A78AFE62}.Debug|Any CPU.Build.0 = Debug|Any CPU
		{FC3D95DC-084A-4D08-B993-7BA5A78AFE62}.Release|Any CPU.ActiveCfg = Release|Any CPU
		{FC3D95DC-084A-4D08-B993-7BA5A78AFE62}.Release|Any CPU.Build.0 = Release|Any CPU
		{8B54680C-8277-463E-9A60-E8AF4B3CD0CF}.Debug|Any CPU.ActiveCfg = Debug|Any CPU
		{8B54680C-8277-463E-9A60-E8AF4B3CD0CF}.Debug|Any CPU.Build.0 = Debug|Any CPU
		{8B54680C-8277-463E-9A60-E8AF4B3CD0CF}.Release|Any CPU.ActiveCfg = Release|Any CPU
		{8B54680C-8277-463E-9A60-E8AF4B3CD0CF}.Release|Any CPU.Build.0 = Release|Any CPU
		{94541E21-DA6D-480C-BACB-055A8B8ECFB6}.Debug|Any CPU.ActiveCfg = Debug|Any CPU
		{94541E21-DA6D-480C-BACB-055A8B8ECFB6}.Debug|Any CPU.Build.0 = Debug|Any CPU
		{94541E21-DA6D-480C-BACB-055A8B8ECFB6}.Release|Any CPU.ActiveCfg = Release|Any CPU
		{94541E21-DA6D-480C-BACB-055A8B8ECFB6}.Release|Any CPU.Build.0 = Release|Any CPU
		{84D5246E-18BC-4A73-9AD6-7F23AD135573}.Debug|Any CPU.ActiveCfg = Debug|Any CPU
		{84D5246E-18BC-4A73-9AD6-7F23AD135573}.Debug|Any CPU.Build.0 = Debug|Any CPU
		{84D5246E-18BC-4A73-9AD6-7F23AD135573}.Release|Any CPU.ActiveCfg = Release|Any CPU
		{84D5246E-18BC-4A73-9AD6-7F23AD135573}.Release|Any CPU.Build.0 = Release|Any CPU
	EndGlobalSection
	GlobalSection(SolutionProperties) = preSolution
		HideSolutionNode = FALSE
	EndGlobalSection
	GlobalSection(ExtensibilityGlobals) = postSolution
		SolutionGuid = {1FE19683-835C-49B7-A2CA-6DE382CE03A7}
	EndGlobalSection
EndGlobal
